{
  "version": 4,
  "terraform_version": "1.7.5",
  "serial": 8,
  "lineage": "a77aeb5e-3884-e9d0-1d5a-24871843bb13",
  "outputs": {},
  "resources": [
    {
      "mode": "managed",
      "type": "local_file",
      "name": "hello",
      "provider": "provider[\"registry.terraform.io/hashicorp/local\"]",
      "instances": [
        {
          "schema_version": 0,
          "attributes": {
            "content": "Hello, hey-buddy!",
            "content_base64": null,
            "content_base64sha256": "ijIaYnkseh1T3JgNbHl3n1hR6fRaYU+WQQIpOitfzWM=",
            "content_base64sha512": "WMiJ91z2Gou7gJyTQN2mYbQEBmK+EIOnAxmGJ/K6eQPOcPT9jv71xkB6PzvqwTfTIOiSSGHIB3wPbXYOG3JHXQ==",
            "content_md5": "e8c318e67e32ec511409d9bbe1a9cb41",
            "content_sha1": "e8fb9c17e1b516ab8b0a87bbd03bfd7c882f9dfa",
            "content_sha256": "8a321a62792c7a1d53dc980d6c79779f5851e9f45a614f964102293a2b5fcd63",
            "content_sha512": "58c889f75cf61a8bbb809c9340dda661b4040662be1083a703198627f2ba7903ce70f4fd8efef5c6407a3f3beac137d320e8924861c8077c0f6d760e1b72475d",
            "directory_permission": "0777",
            "file_permission": "0777",
            "filename": "hello.txt",
            "id": "e8fb9c17e1b516ab8b0a87bbd03bfd7c882f9dfa",
            "sensitive_content": null,
            "source": null
          },
          "sensitive_attributes": []
        }
      ]
    },
    {
      "mode": "managed",
      "type": "local_file",
      "name": "test",
      "provider": "provider[\"registry.terraform.io/hashicorp/local\"]",
      "instances": [
        {
          "schema_version": 0,
          "attributes": {
            "content": "This is a test file hey-buddy",
            "content_base64": null,
            "content_base64sha256": "Pn7I/ShKH8j+vUYuNDpjoxJnKkKAMKlqg4aHcEwOhc8=",
            "content_base64sha512": "Gaj+dABWH5fe0Y+K6ptL5zZQuzCzKozBcDtF7m1tRJPG7r4HxgGphVIOxUf+O0kZP6XdG/DQUNjyTU4cDy3+NA==",
            "content_md5": "7cb9a09d7951fa5e6f68702ac3131514",
            "content_sha1": "f07f72f2f6294247b4742d07deb7558610dadbf0",
            "content_sha256": "3e7ec8fd284a1fc8febd462e343a63a312672a428030a96a838687704c0e85cf",
            "content_sha512": "19a8fe7400561f97ded18f8aea9b4be73650bb30b32a8cc1703b45ee6d6d4493c6eebe07c601a985520ec547fe3b49193fa5dd1bf0d050d8f24d4e1c0f2dfe34",
            "directory_permission": "0777",
            "file_permission": "0777",
            "filename": "test.txt",
            "id": "f07f72f2f6294247b4742d07deb7558610dadbf0",
            "sensitive_content": null,
            "source": null
          },
          "sensitive_attributes": []
        }
      ]
    }
  ],
  "check_results": null
}
