{
  "version": 4,
  "terraform_version": "1.7.5",
  "serial": 12,
  "lineage": "a77aeb5e-3884-e9d0-1d5a-24871843bb13",
  "outputs": {
    "name_changes": {
      "value": {
        "clean": "my_super_server",
        "original": "my-awesome-server",
        "underscore": "my_awesome_server"
      },
      "type": [
        "object",
        {
          "clean": "string",
          "original": "string",
          "underscore": "string"
        }
      ]
    }
  },
  "resources": [
    {
      "mode": "managed",
      "type": "local_file",
      "name": "server_config",
      "provider": "provider[\"registry.terraform.io/hashicorp/local\"]",
      "instances": [
        {
          "schema_version": 0,
          "attributes": {
            "content": "Server name: my_super_server",
            "content_base64": null,
            "content_base64sha256": "RLgMj5RK/VzxQ/yw5mTa+wz27qVhBW9GgmpqMvwJdYw=",
            "content_base64sha512": "qGNwOrhoj2kX2HDOdT++IAEae6DxVByQyDMn3GkXg2wA3qmhyTUcu9n35OiFd9RNGMXzgS0Y+hg51r3nixNj6A==",
            "content_md5": "dc71b96c33fd35d6222512b893b47639",
            "content_sha1": "80b30bfb34fc5613c024387d3d4632533a877dac",
            "content_sha256": "44b80c8f944afd5cf143fcb0e664dafb0cf6eea561056f46826a6a32fc09758c",
            "content_sha512": "a863703ab8688f6917d870ce753fbe20011a7ba0f1541c90c83327dc6917836c00dea9a1c9351cbbd9f7e4e88577d44d18c5f3812d18fa1839d6bde78b1363e8",
            "directory_permission": "0777",
            "file_permission": "0777",
            "filename": "my_awesome_server.conf",
            "id": "80b30bfb34fc5613c024387d3d4632533a877dac",
            "sensitive_content": null,
            "source": null
          },
          "sensitive_attributes": []
        }
      ]
    }
  ],
  "check_results": null
}
